
Microsoft Visual Studio Solution File, Format Version 12.00
# Visual Studio Version 17
VisualStudioVersion = 17.1.32319.34
MinimumVisualStudioVersion = 10.0.40219.1
Project("{FAE04EC0-301F-11D3-BF4B-00C04F79EFBC}") = "GestoreEventi", "GestoreEventi\GestoreEventi.csproj", "{F283C39F-1389-44C2-905D-E0F0CDF5466A}"
EndProject
Global
	GlobalSection(SolutionConfigurationPlatforms) = preSolution
		Debug|Any CPU = Debug|Any CPU
		Release|Any CPU = Release|Any CPU
	EndGlobalSection
	GlobalSection(ProjectConfigurationPlatforms) = postSolution
		{F283C39F-1389-44C2-905D-E0F0CDF5466A}.Debug|Any CPU.ActiveCfg = Debug|Any CPU
		{F283C39F-1389-44C2-905D-E0F0CDF5466A}.Debug|Any CPU.Build.0 = Debug|Any CPU
		{F283C39F-1389-44C2-905D-E0F0CDF5466A}.Release|Any CPU.ActiveCfg = Release|Any CPU
		{F283C39F-1389-44C2-905D-E0F0CDF5466A}.Release|Any CPU.Build.0 = Release|Any CPU
	EndGlobalSection
	GlobalSection(SolutionProperties) = preSolution
		HideSolutionNode = FALSE
	EndGlobalSection
	GlobalSection(ExtensibilityGlobals) = postSolution
		SolutionGuid = {1FC8673B-97BC-4B1A-B0E7-C66D944D4EF0}
	EndGlobalSection
EndGlobal
